
Microsoft Visual Studio Solution File, Format Version 12.00
# Visual Studio Version 17
VisualStudioVersion = 17.7.34202.233
MinimumVisualStudioVersion = 10.0.40219.1
Project("{FAE04EC0-301F-11D3-BF4B-00C04F79EFBC}") = "sisiwagecalcl", "sisiwagecalcl\sisiwagecalcl.csproj", "{458FC6CA-BA3C-473E-BA0B-D1A1FA76C722}"
EndProject
Global
	GlobalSection(SolutionConfigurationPlatforms) = preSolution
		Debug|Any CPU = Debug|Any CPU
		Release|Any CPU = Release|Any CPU
	EndGlobalSection
	GlobalSection(ProjectConfigurationPlatforms) = postSolution
		{458FC6CA-BA3C-473E-BA0B-D1A1FA76C722}.Debug|Any CPU.ActiveCfg = Debug|Any CPU
		{458FC6CA-BA3C-473E-BA0B-D1A1FA76C722}.Debug|Any CPU.Build.0 = Debug|Any CPU
		{458FC6CA-BA3C-473E-BA0B-D1A1FA76C722}.Release|Any CPU.ActiveCfg = Release|Any CPU
		{458FC6CA-BA3C-473E-BA0B-D1A1FA76C722}.Release|Any CPU.Build.0 = Release|Any CPU
	EndGlobalSection
	GlobalSection(SolutionProperties) = preSolution
		HideSolutionNode = FALSE
	EndGlobalSection
	GlobalSection(ExtensibilityGlobals) = postSolution
		SolutionGuid = {4BA375E6-981B-4A31-9760-6C3718B76161}
	EndGlobalSection
EndGlobal
